
Microsoft Visual Studio Solution File, Format Version 12.00
# Visual Studio 2013
VisualStudioVersion = 12.0.0.0
MinimumVisualStudioVersion = 10.0.0.1
Project("{FAE04EC0-301F-11D3-BF4B-00C04F79EFBC}") = "CheatingSkylines", "CheatingSkylines.csproj", "{F0509FE8-82B8-4FA9-8C98-0EC415716C28}"
EndProject
Project("{FAE04EC0-301F-11D3-BF4B-00C04F79EFBC}") = "Redirection", "Redirection\Redirection.csproj", "{36DA9E82-46D3-4681-9EDE-92DD94F7DDED}"
EndProject
Global
	GlobalSection(SolutionConfigurationPlatforms) = preSolution
		Debug|Any CPU = Debug|Any CPU
		Release|Any CPU = Release|Any CPU
	EndGlobalSection
	GlobalSection(ProjectConfigurationPlatforms) = postSolution
		{F0509FE8-82B8-4FA9-8C98-0EC415716C28}.Debug|Any CPU.ActiveCfg = Debug|Any CPU
		{F0509FE8-82B8-4FA9-8C98-0EC415716C28}.Debug|Any CPU.Build.0 = Debug|Any CPU
		{F0509FE8-82B8-4FA9-8C98-0EC415716C28}.Release|Any CPU.ActiveCfg = Release|Any CPU
		{F0509FE8-82B8-4FA9-8C98-0EC415716C28}.Release|Any CPU.Build.0 = Release|Any CPU
		{36DA9E82-46D3-4681-9EDE-92DD94F7DDED}.Debug|Any CPU.ActiveCfg = Debug|Any CPU
		{36DA9E82-46D3-4681-9EDE-92DD94F7DDED}.Debug|Any CPU.Build.0 = Debug|Any CPU
		{36DA9E82-46D3-4681-9EDE-92DD94F7DDED}.Release|Any CPU.ActiveCfg = Release|Any CPU
		{36DA9E82-46D3-4681-9EDE-92DD94F7DDED}.Release|Any CPU.Build.0 = Release|Any CPU
	EndGlobalSection
	GlobalSection(SolutionProperties) = preSolution
		HideSolutionNode = FALSE
	EndGlobalSection
EndGlobal
